
Microsoft Visual Studio Solution File, Format Version 12.00
# Visual Studio Version 16
VisualStudioVersion = 16.0.29025.244
MinimumVisualStudioVersion = 10.0.40219.1
Project("{FAE04EC0-301F-11D3-BF4B-00C04F79EFBC}") = "AirBnBDatabase", "AirBnBDatabase\AirBnBDatabase.csproj", "{A228452A-D7D7-4942-A70D-8BE8286087D1}"
EndProject
Global
	GlobalSection(SolutionConfigurationPlatforms) = preSolution
		Debug|Any CPU = Debug|Any CPU
		Release|Any CPU = Release|Any CPU
	EndGlobalSection
	GlobalSection(ProjectConfigurationPlatforms) = postSolution
		{A228452A-D7D7-4942-A70D-8BE8286087D1}.Debug|Any CPU.ActiveCfg = Debug|Any CPU
		{A228452A-D7D7-4942-A70D-8BE8286087D1}.Debug|Any CPU.Build.0 = Debug|Any CPU
		{A228452A-D7D7-4942-A70D-8BE8286087D1}.Release|Any CPU.ActiveCfg = Release|Any CPU
		{A228452A-D7D7-4942-A70D-8BE8286087D1}.Release|Any CPU.Build.0 = Release|Any CPU
	EndGlobalSection
	GlobalSection(SolutionProperties) = preSolution
		HideSolutionNode = FALSE
	EndGlobalSection
	GlobalSection(ExtensibilityGlobals) = postSolution
		SolutionGuid = {EA555658-A5C0-4548-883C-5FB2D6D3A62F}
	EndGlobalSection
EndGlobal
